
Microsoft Visual Studio Solution File, Format Version 12.00
# Visual Studio Version 17
VisualStudioVersion = 17.14.36109.1
MinimumVisualStudioVersion = 10.0.40219.1
Project("{FAE04EC0-301F-11D3-BF4B-00C04F79EFBC}") = "FitnessClubAutomation", "FitnessClubAutomation\FitnessClubAutomation.csproj", "{8DB3E025-1EC7-42C6-958C-34386ADB8842}"
EndProject
Global
	GlobalSection(SolutionConfigurationPlatforms) = preSolution
		Debug|Any CPU = Debug|Any CPU
		Release|Any CPU = Release|Any CPU
	EndGlobalSection
	GlobalSection(ProjectConfigurationPlatforms) = postSolution
		{8DB3E025-1EC7-42C6-958C-34386ADB8842}.Debug|Any CPU.ActiveCfg = Debug|Any CPU
		{8DB3E025-1EC7-42C6-958C-34386ADB8842}.Debug|Any CPU.Build.0 = Debug|Any CPU
		{8DB3E025-1EC7-42C6-958C-34386ADB8842}.Release|Any CPU.ActiveCfg = Release|Any CPU
		{8DB3E025-1EC7-42C6-958C-34386ADB8842}.Release|Any CPU.Build.0 = Release|Any CPU
	EndGlobalSection
	GlobalSection(SolutionProperties) = preSolution
		HideSolutionNode = FALSE
	EndGlobalSection
	GlobalSection(ExtensibilityGlobals) = postSolution
		SolutionGuid = {51FEEFE3-C835-48C8-B18E-792FA3A3455D}
	EndGlobalSection
EndGlobal
