
Microsoft Visual Studio Solution File, Format Version 12.00
# Visual Studio Version 17
VisualStudioVersion = 17.10.35027.167
MinimumVisualStudioVersion = 10.0.40219.1
Project("{FAE04EC0-301F-11D3-BF4B-00C04F79EFBC}") = "Courses.WinAppsOnCSharp.Lab1Exercise1RectangularForm", "Courses.WinAppsOnCSharp.Lab1Exercise1RectangularForm\Courses.WinAppsOnCSharp.Lab1Exercise1RectangularForm.csproj", "{5911FDE0-C792-4B95-A271-0B36DB9DF145}"
EndProject
Global
	GlobalSection(SolutionConfigurationPlatforms) = preSolution
		Debug|Any CPU = Debug|Any CPU
		Release|Any CPU = Release|Any CPU
	EndGlobalSection
	GlobalSection(ProjectConfigurationPlatforms) = postSolution
		{5911FDE0-C792-4B95-A271-0B36DB9DF145}.Debug|Any CPU.ActiveCfg = Debug|Any CPU
		{5911FDE0-C792-4B95-A271-0B36DB9DF145}.Debug|Any CPU.Build.0 = Debug|Any CPU
		{5911FDE0-C792-4B95-A271-0B36DB9DF145}.Release|Any CPU.ActiveCfg = Release|Any CPU
		{5911FDE0-C792-4B95-A271-0B36DB9DF145}.Release|Any CPU.Build.0 = Release|Any CPU
	EndGlobalSection
	GlobalSection(SolutionProperties) = preSolution
		HideSolutionNode = FALSE
	EndGlobalSection
	GlobalSection(ExtensibilityGlobals) = postSolution
		SolutionGuid = {E14089B9-00A3-4D30-985A-D2EF3549BB9E}
	EndGlobalSection
EndGlobal
