
Microsoft Visual Studio Solution File, Format Version 12.00
# Visual Studio Version 17
VisualStudioVersion = 17.11.35327.3
MinimumVisualStudioVersion = 10.0.40219.1
Project("{FAE04EC0-301F-11D3-BF4B-00C04F79EFBC}") = "WebMVCR1", "WebMVCR1.csproj", "{DB8A61E4-607B-4B93-A525-38F20D67AD5E}"
EndProject
Global
	GlobalSection(SolutionConfigurationPlatforms) = preSolution
		Debug|Any CPU = Debug|Any CPU
		Release|Any CPU = Release|Any CPU
	EndGlobalSection
	GlobalSection(ProjectConfigurationPlatforms) = postSolution
		{DB8A61E4-607B-4B93-A525-38F20D67AD5E}.Debug|Any CPU.ActiveCfg = Debug|Any CPU
		{DB8A61E4-607B-4B93-A525-38F20D67AD5E}.Debug|Any CPU.Build.0 = Debug|Any CPU
		{DB8A61E4-607B-4B93-A525-38F20D67AD5E}.Release|Any CPU.ActiveCfg = Release|Any CPU
		{DB8A61E4-607B-4B93-A525-38F20D67AD5E}.Release|Any CPU.Build.0 = Release|Any CPU
	EndGlobalSection
	GlobalSection(SolutionProperties) = preSolution
		HideSolutionNode = FALSE
	EndGlobalSection
	GlobalSection(ExtensibilityGlobals) = postSolution
		SolutionGuid = {D2712729-E583-4B49-8866-71BD5B63A8C8}
	EndGlobalSection
EndGlobal
